
Microsoft Visual Studio Solution File, Format Version 12.00
# Visual Studio 15
VisualStudioVersion = 15.0.26124.0
MinimumVisualStudioVersion = 15.0.26124.0
Project("{2150E333-8FDC-42A3-9474-1A3956D46DE8}") = "src", "src", "{2816C816-5D59-49BB-A939-8815224C1ADB}"
EndProject
Project("{2150E333-8FDC-42A3-9474-1A3956D46DE8}") = "Result", "Result", "{3DBB4A53-899A-4DD8-8F14-77742F69D9F3}"
EndProject
Project("{9A19103F-16F7-4668-BE54-9A1E7A4F7556}") = "ResultCSharp", "src\Result\ResultCSharp\ResultCSharp.csproj", "{E59966C5-6E44-4917-859A-6286BF3C73E9}"
EndProject
Project("{6EC3EE1D-3C4E-46DD-8F32-0CC8E7565705}") = "ResultFSharp", "src\Result\ResultFSharp\ResultFSharp.fsproj", "{3CFB8A90-F6D9-4E95-A83E-91D47FF49097}"
EndProject
Project("{2150E333-8FDC-42A3-9474-1A3956D46DE8}") = "Json", "Json", "{6E909911-F599-4CB9-B907-607719DBF212}"
	ProjectSection(SolutionItems) = preProject
		src\Json\weather.json = src\Json\weather.json
	EndProjectSection
EndProject
Project("{9A19103F-16F7-4668-BE54-9A1E7A4F7556}") = "JsonCSharp", "src\Json\JsonCSharp\JsonCSharp.csproj", "{22C77FC1-D070-40FD-943D-5C6BFC4CE269}"
EndProject
Project("{6EC3EE1D-3C4E-46DD-8F32-0CC8E7565705}") = "JsonFSharp", "src\Json\JsonFSharp\JsonFSharp.fsproj", "{8EB2BC64-798D-4830-AE73-FB6C6C23A153}"
EndProject
Global
	GlobalSection(SolutionConfigurationPlatforms) = preSolution
		Debug|Any CPU = Debug|Any CPU
		Debug|x64 = Debug|x64
		Debug|x86 = Debug|x86
		Release|Any CPU = Release|Any CPU
		Release|x64 = Release|x64
		Release|x86 = Release|x86
	EndGlobalSection
	GlobalSection(ProjectConfigurationPlatforms) = postSolution
		{E59966C5-6E44-4917-859A-6286BF3C73E9}.Debug|Any CPU.ActiveCfg = Debug|Any CPU
		{E59966C5-6E44-4917-859A-6286BF3C73E9}.Debug|Any CPU.Build.0 = Debug|Any CPU
		{E59966C5-6E44-4917-859A-6286BF3C73E9}.Debug|x64.ActiveCfg = Debug|Any CPU
		{E59966C5-6E44-4917-859A-6286BF3C73E9}.Debug|x64.Build.0 = Debug|Any CPU
		{E59966C5-6E44-4917-859A-6286BF3C73E9}.Debug|x86.ActiveCfg = Debug|Any CPU
		{E59966C5-6E44-4917-859A-6286BF3C73E9}.Debug|x86.Build.0 = Debug|Any CPU
		{E59966C5-6E44-4917-859A-6286BF3C73E9}.Release|Any CPU.ActiveCfg = Release|Any CPU
		{E59966C5-6E44-4917-859A-6286BF3C73E9}.Release|Any CPU.Build.0 = Release|Any CPU
		{E59966C5-6E44-4917-859A-6286BF3C73E9}.Release|x64.ActiveCfg = Release|Any CPU
		{E59966C5-6E44-4917-859A-6286BF3C73E9}.Release|x64.Build.0 = Release|Any CPU
		{E59966C5-6E44-4917-859A-6286BF3C73E9}.Release|x86.ActiveCfg = Release|Any CPU
		{E59966C5-6E44-4917-859A-6286BF3C73E9}.Release|x86.Build.0 = Release|Any CPU
		{3CFB8A90-F6D9-4E95-A83E-91D47FF49097}.Debug|Any CPU.ActiveCfg = Debug|Any CPU
		{3CFB8A90-F6D9-4E95-A83E-91D47FF49097}.Debug|Any CPU.Build.0 = Debug|Any CPU
		{3CFB8A90-F6D9-4E95-A83E-91D47FF49097}.Debug|x64.ActiveCfg = Debug|Any CPU
		{3CFB8A90-F6D9-4E95-A83E-91D47FF49097}.Debug|x64.Build.0 = Debug|Any CPU
		{3CFB8A90-F6D9-4E95-A83E-91D47FF49097}.Debug|x86.ActiveCfg = Debug|Any CPU
		{3CFB8A90-F6D9-4E95-A83E-91D47FF49097}.Debug|x86.Build.0 = Debug|Any CPU
		{3CFB8A90-F6D9-4E95-A83E-91D47FF49097}.Release|Any CPU.ActiveCfg = Release|Any CPU
		{3CFB8A90-F6D9-4E95-A83E-91D47FF49097}.Release|Any CPU.Build.0 = Release|Any CPU
		{3CFB8A90-F6D9-4E95-A83E-91D47FF49097}.Release|x64.ActiveCfg = Release|Any CPU
		{3CFB8A90-F6D9-4E95-A83E-91D47FF49097}.Release|x64.Build.0 = Release|Any CPU
		{3CFB8A90-F6D9-4E95-A83E-91D47FF49097}.Release|x86.ActiveCfg = Release|Any CPU
		{3CFB8A90-F6D9-4E95-A83E-91D47FF49097}.Release|x86.Build.0 = Release|Any CPU
		{22C77FC1-D070-40FD-943D-5C6BFC4CE269}.Debug|Any CPU.ActiveCfg = Debug|Any CPU
		{22C77FC1-D070-40FD-943D-5C6BFC4CE269}.Debug|Any CPU.Build.0 = Debug|Any CPU
		{22C77FC1-D070-40FD-943D-5C6BFC4CE269}.Debug|x64.ActiveCfg = Debug|Any CPU
		{22C77FC1-D070-40FD-943D-5C6BFC4CE269}.Debug|x64.Build.0 = Debug|Any CPU
		{22C77FC1-D070-40FD-943D-5C6BFC4CE269}.Debug|x86.ActiveCfg = Debug|Any CPU
		{22C77FC1-D070-40FD-943D-5C6BFC4CE269}.Debug|x86.Build.0 = Debug|Any CPU
		{22C77FC1-D070-40FD-943D-5C6BFC4CE269}.Release|Any CPU.ActiveCfg = Release|Any CPU
		{22C77FC1-D070-40FD-943D-5C6BFC4CE269}.Release|Any CPU.Build.0 = Release|Any CPU
		{22C77FC1-D070-40FD-943D-5C6BFC4CE269}.Release|x64.ActiveCfg = Release|Any CPU
		{22C77FC1-D070-40FD-943D-5C6BFC4CE269}.Release|x64.Build.0 = Release|Any CPU
		{22C77FC1-D070-40FD-943D-5C6BFC4CE269}.Release|x86.ActiveCfg = Release|Any CPU
		{22C77FC1-D070-40FD-943D-5C6BFC4CE269}.Release|x86.Build.0 = Release|Any CPU
		{8EB2BC64-798D-4830-AE73-FB6C6C23A153}.Debug|Any CPU.ActiveCfg = Debug|Any CPU
		{8EB2BC64-798D-4830-AE73-FB6C6C23A153}.Debug|Any CPU.Build.0 = Debug|Any CPU
		{8EB2BC64-798D-4830-AE73-FB6C6C23A153}.Debug|x64.ActiveCfg = Debug|Any CPU
		{8EB2BC64-798D-4830-AE73-FB6C6C23A153}.Debug|x64.Build.0 = Debug|Any CPU
		{8EB2BC64-798D-4830-AE73-FB6C6C23A153}.Debug|x86.ActiveCfg = Debug|Any CPU
		{8EB2BC64-798D-4830-AE73-FB6C6C23A153}.Debug|x86.Build.0 = Debug|Any CPU
		{8EB2BC64-798D-4830-AE73-FB6C6C23A153}.Release|Any CPU.ActiveCfg = Release|Any CPU
		{8EB2BC64-798D-4830-AE73-FB6C6C23A153}.Release|Any CPU.Build.0 = Release|Any CPU
		{8EB2BC64-798D-4830-AE73-FB6C6C23A153}.Release|x64.ActiveCfg = Release|Any CPU
		{8EB2BC64-798D-4830-AE73-FB6C6C23A153}.Release|x64.Build.0 = Release|Any CPU
		{8EB2BC64-798D-4830-AE73-FB6C6C23A153}.Release|x86.ActiveCfg = Release|Any CPU
		{8EB2BC64-798D-4830-AE73-FB6C6C23A153}.Release|x86.Build.0 = Release|Any CPU
	EndGlobalSection
	GlobalSection(SolutionProperties) = preSolution
		HideSolutionNode = FALSE
	EndGlobalSection
	GlobalSection(NestedProjects) = preSolution
		{3DBB4A53-899A-4DD8-8F14-77742F69D9F3} = {2816C816-5D59-49BB-A939-8815224C1ADB}
		{E59966C5-6E44-4917-859A-6286BF3C73E9} = {3DBB4A53-899A-4DD8-8F14-77742F69D9F3}
		{3CFB8A90-F6D9-4E95-A83E-91D47FF49097} = {3DBB4A53-899A-4DD8-8F14-77742F69D9F3}
		{6E909911-F599-4CB9-B907-607719DBF212} = {2816C816-5D59-49BB-A939-8815224C1ADB}
		{22C77FC1-D070-40FD-943D-5C6BFC4CE269} = {6E909911-F599-4CB9-B907-607719DBF212}
		{8EB2BC64-798D-4830-AE73-FB6C6C23A153} = {6E909911-F599-4CB9-B907-607719DBF212}
	EndGlobalSection
	GlobalSection(ExtensibilityGlobals) = postSolution
		SolutionGuid = {2C371337-74B2-418B-96FA-50F47F08BBB6}
	EndGlobalSection
EndGlobal
